// !$*UTF8*$!
{
	archiveVersion = 1;
	classes = {
	};
	objectVersion = 56;
	objects = {

/* Begin PBXBuildFile section */
		2A1B9FD82A56B303002989B2 /* Kingfisher in Frameworks */ = {isa = PBXBuildFile; productRef = 2A1B9FD72A56B303002989B2 /* Kingfisher */; };
		2A1B9FDA2A56B4AB002989B2 /* UIImageView+Extension.swift in Sources */ = {isa = PBXBuildFile; fileRef = 2A1B9FD92A56B4AB002989B2 /* UIImageView+Extension.swift */; };
		2A1B9FDC2A56B5D1002989B2 /* UIView+Extension.swift in Sources */ = {isa = PBXBuildFile; fileRef = 2A1B9FDB2A56B5D1002989B2 /* UIView+Extension.swift */; };
		2A1B9FDE2A56B9E5002989B2 /* UITableView+Extension.swift in Sources */ = {isa = PBXBuildFile; fileRef = 2A1B9FDD2A56B9E5002989B2 /* UITableView+Extension.swift */; };
		2A2D85812A57C28500C97A82 /* CityJson.json in Resources */ = {isa = PBXBuildFile; fileRef = 2A2D85802A57C28500C97A82 /* CityJson.json */; };
		2A318C432A56715F0028F6BF /* APIError.swift in Sources */ = {isa = PBXBuildFile; fileRef = 2A318C422A56715F0028F6BF /* APIError.swift */; };
		2A318C452A56719C0028F6BF /* WeatherData.swift in Sources */ = {isa = PBXBuildFile; fileRef = 2A318C442A56719C0028F6BF /* WeatherData.swift */; };
		2A357DD22A57C71E00BF98B4 /* CityListViewModel.swift in Sources */ = {isa = PBXBuildFile; fileRef = 2A357DD12A57C71E00BF98B4 /* CityListViewModel.swift */; };
		2A357DD42A57CA1800BF98B4 /* CityListScreen.swift in Sources */ = {isa = PBXBuildFile; fileRef = 2A357DD32A57CA1800BF98B4 /* CityListScreen.swift */; };
		2A7531A22A5536B9003ABC27 /* BaseController.swift in Sources */ = {isa = PBXBuildFile; fileRef = 2A7531A12A5536B9003ABC27 /* BaseController.swift */; };
		2A7531A42A5539FF003ABC27 /* BaseScreen.swift in Sources */ = {isa = PBXBuildFile; fileRef = 2A7531A32A5539FF003ABC27 /* BaseScreen.swift */; };
		2A7531A62A553A1E003ABC27 /* BaseViewModel.swift in Sources */ = {isa = PBXBuildFile; fileRef = 2A7531A52A553A1E003ABC27 /* BaseViewModel.swift */; };
		2A7531A92A553A78003ABC27 /* UIImage+Extension.swift in Sources */ = {isa = PBXBuildFile; fileRef = 2A7531A82A553A78003ABC27 /* UIImage+Extension.swift */; };
		2A7531AC2A553AE4003ABC27 /* Alertable.swift in Sources */ = {isa = PBXBuildFile; fileRef = 2A7531AB2A553AE4003ABC27 /* Alertable.swift */; };
		2A7531C72A555447003ABC27 /* Encoding.swift in Sources */ = {isa = PBXBuildFile; fileRef = 2A7531AF2A555446003ABC27 /* Encoding.swift */; };
		2A7531C82A555447003ABC27 /* Parameters.swift in Sources */ = {isa = PBXBuildFile; fileRef = 2A7531B02A555446003ABC27 /* Parameters.swift */; };
		2A7531C92A555447003ABC27 /* NetworkingError.swift in Sources */ = {isa = PBXBuildFile; fileRef = 2A7531B12A555446003ABC27 /* NetworkingError.swift */; };
		2A7531CA2A555447003ABC27 /* Meta.swift in Sources */ = {isa = PBXBuildFile; fileRef = 2A7531B32A555446003ABC27 /* Meta.swift */; };
		2A7531CB2A555447003ABC27 /* Container.swift in Sources */ = {isa = PBXBuildFile; fileRef = 2A7531B42A555446003ABC27 /* Container.swift */; };
		2A7531CC2A555447003ABC27 /* Pagination.swift in Sources */ = {isa = PBXBuildFile; fileRef = 2A7531B52A555446003ABC27 /* Pagination.swift */; };
		2A7531CD2A555447003ABC27 /* ApiResponse.swift in Sources */ = {isa = PBXBuildFile; fileRef = 2A7531B62A555446003ABC27 /* ApiResponse.swift */; };
		2A7531CE2A555447003ABC27 /* ErrorMessage.swift in Sources */ = {isa = PBXBuildFile; fileRef = 2A7531B72A555446003ABC27 /* ErrorMessage.swift */; };
		2A7531CF2A555447003ABC27 /* Connectivity.swift in Sources */ = {isa = PBXBuildFile; fileRef = 2A7531B92A555446003ABC27 /* Connectivity.swift */; };
		2A7531D02A555447003ABC27 /* KeyChainManager.swift in Sources */ = {isa = PBXBuildFile; fileRef = 2A7531BA2A555446003ABC27 /* KeyChainManager.swift */; };
		2A7531D12A555447003ABC27 /* Logger.swift in Sources */ = {isa = PBXBuildFile; fileRef = 2A7531BB2A555446003ABC27 /* Logger.swift */; };
		2A7531D22A555447003ABC27 /* Networking.swift in Sources */ = {isa = PBXBuildFile; fileRef = 2A7531BC2A555446003ABC27 /* Networking.swift */; };
		2A7531D32A555447003ABC27 /* ResponseParser.swift in Sources */ = {isa = PBXBuildFile; fileRef = 2A7531BE2A555446003ABC27 /* ResponseParser.swift */; };
		2A7531D42A555447003ABC27 /* HTTPMethod.swift in Sources */ = {isa = PBXBuildFile; fileRef = 2A7531BF2A555446003ABC27 /* HTTPMethod.swift */; };
		2A7531D52A555447003ABC27 /* TokenManager.swift in Sources */ = {isa = PBXBuildFile; fileRef = 2A7531C02A555446003ABC27 /* TokenManager.swift */; };
		2A7531D62A555447003ABC27 /* NetworkingResponse.swift in Sources */ = {isa = PBXBuildFile; fileRef = 2A7531C22A555446003ABC27 /* NetworkingResponse.swift */; };
		2A7531D72A555447003ABC27 /* RequestBuilder.swift in Sources */ = {isa = PBXBuildFile; fileRef = 2A7531C32A555446003ABC27 /* RequestBuilder.swift */; };
		2A7531D82A555447003ABC27 /* RequestMaker.swift in Sources */ = {isa = PBXBuildFile; fileRef = 2A7531C42A555446003ABC27 /* RequestMaker.swift */; };
		2A7531D92A555447003ABC27 /* NetworkingConfiguration.swift in Sources */ = {isa = PBXBuildFile; fileRef = 2A7531C52A555446003ABC27 /* NetworkingConfiguration.swift */; };
		2A7531DA2A555447003ABC27 /* NetworkingRouter.swift in Sources */ = {isa = PBXBuildFile; fileRef = 2A7531C62A555446003ABC27 /* NetworkingRouter.swift */; };
		2A7531DD2A5554B9003ABC27 /* SwiftKeychainWrapper in Frameworks */ = {isa = PBXBuildFile; productRef = 2A7531DC2A5554B9003ABC27 /* SwiftKeychainWrapper */; };
		2A7531E02A55630D003ABC27 /* WeatherRouter.swift in Sources */ = {isa = PBXBuildFile; fileRef = 2A7531DF2A55630D003ABC27 /* WeatherRouter.swift */; };
		2A7531E32A55648E003ABC27 /* WeatherManager.swift in Sources */ = {isa = PBXBuildFile; fileRef = 2A7531E22A55648E003ABC27 /* WeatherManager.swift */; };
		2A7531E52A5566A4003ABC27 /* LocationManager.swift in Sources */ = {isa = PBXBuildFile; fileRef = 2A7531E42A5566A4003ABC27 /* LocationManager.swift */; };
		2A7531E92A556832003ABC27 /* CurrentWeatherController.swift in Sources */ = {isa = PBXBuildFile; fileRef = 2A7531E82A556832003ABC27 /* CurrentWeatherController.swift */; };
		2A7531EB2A556A24003ABC27 /* CurrentWeatherScreen.swift in Sources */ = {isa = PBXBuildFile; fileRef = 2A7531EA2A556A24003ABC27 /* CurrentWeatherScreen.swift */; };
		2A7531ED2A556A4B003ABC27 /* CurrentWeatherViewModel.swift in Sources */ = {isa = PBXBuildFile; fileRef = 2A7531EC2A556A4B003ABC27 /* CurrentWeatherViewModel.swift */; };
		2A8E7E202A5BD16000D86BF8 /* ForecastScreen.swift in Sources */ = {isa = PBXBuildFile; fileRef = 2A8E7E1F2A5BD16000D86BF8 /* ForecastScreen.swift */; };
		2A8E7E222A5BD19B00D86BF8 /* ForecastViewModel.swift in Sources */ = {isa = PBXBuildFile; fileRef = 2A8E7E212A5BD19B00D86BF8 /* ForecastViewModel.swift */; };
		2A8E7E252A5BD78800D86BF8 /* InProgressController.swift in Sources */ = {isa = PBXBuildFile; fileRef = 2A8E7E242A5BD78800D86BF8 /* InProgressController.swift */; };
		2A961BBA2A582538001C0B7D /* TemperatureView.swift in Sources */ = {isa = PBXBuildFile; fileRef = 2A961BB92A582538001C0B7D /* TemperatureView.swift */; };
		2AF5928E2A552EA200DD763E /* AppDelegate.swift in Sources */ = {isa = PBXBuildFile; fileRef = 2AF5928D2A552EA200DD763E /* AppDelegate.swift */; };
		2AF592902A552EA200DD763E /* SceneDelegate.swift in Sources */ = {isa = PBXBuildFile; fileRef = 2AF5928F2A552EA200DD763E /* SceneDelegate.swift */; };
		2AF592972A552EA400DD763E /* Assets.xcassets in Resources */ = {isa = PBXBuildFile; fileRef = 2AF592962A552EA400DD763E /* Assets.xcassets */; };
		2AF5929A2A552EA400DD763E /* LaunchScreen.storyboard in Resources */ = {isa = PBXBuildFile; fileRef = 2AF592982A552EA400DD763E /* LaunchScreen.storyboard */; };
		2AF592A52A552EA500DD763E /* Weather_AppTests.swift in Sources */ = {isa = PBXBuildFile; fileRef = 2AF592A42A552EA500DD763E /* Weather_AppTests.swift */; };
		2AF592AF2A552EA500DD763E /* Weather_AppUITests.swift in Sources */ = {isa = PBXBuildFile; fileRef = 2AF592AE2A552EA500DD763E /* Weather_AppUITests.swift */; };
		2AF592B12A552EA500DD763E /* Weather_AppUITestsLaunchTests.swift in Sources */ = {isa = PBXBuildFile; fileRef = 2AF592B02A552EA500DD763E /* Weather_AppUITestsLaunchTests.swift */; };
/* End PBXBuildFile section */

/* Begin PBXContainerItemProxy section */
		2AF592A12A552EA500DD763E /* PBXContainerItemProxy */ = {
			isa = PBXContainerItemProxy;
			containerPortal = 2AF592822A552EA200DD763E /* Project object */;
			proxyType = 1;
			remoteGlobalIDString = 2AF592892A552EA200DD763E;
			remoteInfo = Weather_App;
		};
		2AF592AB2A552EA500DD763E /* PBXContainerItemProxy */ = {
			isa = PBXContainerItemProxy;
			containerPortal = 2AF592822A552EA200DD763E /* Project object */;
			proxyType = 1;
			remoteGlobalIDString = 2AF592892A552EA200DD763E;
			remoteInfo = Weather_App;
		};
/* End PBXContainerItemProxy section */

/* Begin PBXFileReference section */
		2A1B9FD92A56B4AB002989B2 /* UIImageView+Extension.swift */ = {isa = PBXFileReference; lastKnownFileType = sourcecode.swift; path = "UIImageView+Extension.swift"; sourceTree = "<group>"; };
		2A1B9FDB2A56B5D1002989B2 /* UIView+Extension.swift */ = {isa = PBXFileReference; lastKnownFileType = sourcecode.swift; path = "UIView+Extension.swift"; sourceTree = "<group>"; };
		2A1B9FDD2A56B9E5002989B2 /* UITableView+Extension.swift */ = {isa = PBXFileReference; lastKnownFileType = sourcecode.swift; path = "UITableView+Extension.swift"; sourceTree = "<group>"; };
		2A2D85802A57C28500C97A82 /* CityJson.json */ = {isa = PBXFileReference; lastKnownFileType = text.json; path = CityJson.json; sourceTree = "<group>"; };
		2A318C422A56715F0028F6BF /* APIError.swift */ = {isa = PBXFileReference; lastKnownFileType = sourcecode.swift; path = APIError.swift; sourceTree = "<group>"; };
		2A318C442A56719C0028F6BF /* WeatherData.swift */ = {isa = PBXFileReference; lastKnownFileType = sourcecode.swift; path = WeatherData.swift; sourceTree = "<group>"; };
		2A357DD12A57C71E00BF98B4 /* CityListViewModel.swift */ = {isa = PBXFileReference; lastKnownFileType = sourcecode.swift; path = CityListViewModel.swift; sourceTree = "<group>"; };
		2A357DD32A57CA1800BF98B4 /* CityListScreen.swift */ = {isa = PBXFileReference; lastKnownFileType = sourcecode.swift; path = CityListScreen.swift; sourceTree = "<group>"; };
		2A7531A12A5536B9003ABC27 /* BaseController.swift */ = {isa = PBXFileReference; lastKnownFileType = sourcecode.swift; path = BaseController.swift; sourceTree = "<group>"; };
		2A7531A32A5539FF003ABC27 /* BaseScreen.swift */ = {isa = PBXFileReference; lastKnownFileType = sourcecode.swift; path = BaseScreen.swift; sourceTree = "<group>"; };
		2A7531A52A553A1E003ABC27 /* BaseViewModel.swift */ = {isa = PBXFileReference; lastKnownFileType = sourcecode.swift; path = BaseViewModel.swift; sourceTree = "<group>"; };
		2A7531A82A553A78003ABC27 /* UIImage+Extension.swift */ = {isa = PBXFileReference; lastKnownFileType = sourcecode.swift; path = "UIImage+Extension.swift"; sourceTree = "<group>"; };
		2A7531AB2A553AE4003ABC27 /* Alertable.swift */ = {isa = PBXFileReference; lastKnownFileType = sourcecode.swift; path = Alertable.swift; sourceTree = "<group>"; };
		2A7531AF2A555446003ABC27 /* Encoding.swift */ = {isa = PBXFileReference; fileEncoding = 4; lastKnownFileType = sourcecode.swift; path = Encoding.swift; sourceTree = "<group>"; };
		2A7531B02A555446003ABC27 /* Parameters.swift */ = {isa = PBXFileReference; fileEncoding = 4; lastKnownFileType = sourcecode.swift; path = Parameters.swift; sourceTree = "<group>"; };
		2A7531B12A555446003ABC27 /* NetworkingError.swift */ = {isa = PBXFileReference; fileEncoding = 4; lastKnownFileType = sourcecode.swift; path = NetworkingError.swift; sourceTree = "<group>"; };
		2A7531B32A555446003ABC27 /* Meta.swift */ = {isa = PBXFileReference; fileEncoding = 4; lastKnownFileType = sourcecode.swift; path = Meta.swift; sourceTree = "<group>"; };
		2A7531B42A555446003ABC27 /* Container.swift */ = {isa = PBXFileReference; fileEncoding = 4; lastKnownFileType = sourcecode.swift; path = Container.swift; sourceTree = "<group>"; };
		2A7531B52A555446003ABC27 /* Pagination.swift */ = {isa = PBXFileReference; fileEncoding = 4; lastKnownFileType = sourcecode.swift; path = Pagination.swift; sourceTree = "<group>"; };
		2A7531B62A555446003ABC27 /* ApiResponse.swift */ = {isa = PBXFileReference; fileEncoding = 4; lastKnownFileType = sourcecode.swift; path = ApiResponse.swift; sourceTree = "<group>"; };
		2A7531B72A555446003ABC27 /* ErrorMessage.swift */ = {isa = PBXFileReference; fileEncoding = 4; lastKnownFileType = sourcecode.swift; path = ErrorMessage.swift; sourceTree = "<group>"; };
		2A7531B92A555446003ABC27 /* Connectivity.swift */ = {isa = PBXFileReference; fileEncoding = 4; lastKnownFileType = sourcecode.swift; path = Connectivity.swift; sourceTree = "<group>"; };
		2A7531BA2A555446003ABC27 /* KeyChainManager.swift */ = {isa = PBXFileReference; fileEncoding = 4; lastKnownFileType = sourcecode.swift; path = KeyChainManager.swift; sourceTree = "<group>"; };
		2A7531BB2A555446003ABC27 /* Logger.swift */ = {isa = PBXFileReference; fileEncoding = 4; lastKnownFileType = sourcecode.swift; path = Logger.swift; sourceTree = "<group>"; };
		2A7531BC2A555446003ABC27 /* Networking.swift */ = {isa = PBXFileReference; fileEncoding = 4; lastKnownFileType = sourcecode.swift; path = Networking.swift; sourceTree = "<group>"; };
		2A7531BE2A555446003ABC27 /* ResponseParser.swift */ = {isa = PBXFileReference; fileEncoding = 4; lastKnownFileType = sourcecode.swift; path = ResponseParser.swift; sourceTree = "<group>"; };
		2A7531BF2A555446003ABC27 /* HTTPMethod.swift */ = {isa = PBXFileReference; fileEncoding = 4; lastKnownFileType = sourcecode.swift; path = HTTPMethod.swift; sourceTree = "<group>"; };
		2A7531C02A555446003ABC27 /* TokenManager.swift */ = {isa = PBXFileReference; fileEncoding = 4; lastKnownFileType = sourcecode.swift; path = TokenManager.swift; sourceTree = "<group>"; };
		2A7531C22A555446003ABC27 /* NetworkingResponse.swift */ = {isa = PBXFileReference; fileEncoding = 4; lastKnownFileType = sourcecode.swift; path = NetworkingResponse.swift; sourceTree = "<group>"; };
		2A7531C32A555446003ABC27 /* RequestBuilder.swift */ = {isa = PBXFileReference; fileEncoding = 4; lastKnownFileType = sourcecode.swift; path = RequestBuilder.swift; sourceTree = "<group>"; };
		2A7531C42A555446003ABC27 /* RequestMaker.swift */ = {isa = PBXFileReference; fileEncoding = 4; lastKnownFileType = sourcecode.swift; path = RequestMaker.swift; sourceTree = "<group>"; };
		2A7531C52A555446003ABC27 /* NetworkingConfiguration.swift */ = {isa = PBXFileReference; fileEncoding = 4; lastKnownFileType = sourcecode.swift; path = NetworkingConfiguration.swift; sourceTree = "<group>"; };
		2A7531C62A555446003ABC27 /* NetworkingRouter.swift */ = {isa = PBXFileReference; fileEncoding = 4; lastKnownFileType = sourcecode.swift; path = NetworkingRouter.swift; sourceTree = "<group>"; };
		2A7531DF2A55630D003ABC27 /* WeatherRouter.swift */ = {isa = PBXFileReference; lastKnownFileType = sourcecode.swift; path = WeatherRouter.swift; sourceTree = "<group>"; };
		2A7531E22A55648E003ABC27 /* WeatherManager.swift */ = {isa = PBXFileReference; lastKnownFileType = sourcecode.swift; path = WeatherManager.swift; sourceTree = "<group>"; };
		2A7531E42A5566A4003ABC27 /* LocationManager.swift */ = {isa = PBXFileReference; lastKnownFileType = sourcecode.swift; path = LocationManager.swift; sourceTree = "<group>"; };
		2A7531E82A556832003ABC27 /* CurrentWeatherController.swift */ = {isa = PBXFileReference; lastKnownFileType = sourcecode.swift; path = CurrentWeatherController.swift; sourceTree = "<group>"; };
		2A7531EA2A556A24003ABC27 /* CurrentWeatherScreen.swift */ = {isa = PBXFileReference; lastKnownFileType = sourcecode.swift; path = CurrentWeatherScreen.swift; sourceTree = "<group>"; };
		2A7531EC2A556A4B003ABC27 /* CurrentWeatherViewModel.swift */ = {isa = PBXFileReference; lastKnownFileType = sourcecode.swift; path = CurrentWeatherViewModel.swift; sourceTree = "<group>"; };
		2A8E7E1F2A5BD16000D86BF8 /* ForecastScreen.swift */ = {isa = PBXFileReference; lastKnownFileType = sourcecode.swift; path = ForecastScreen.swift; sourceTree = "<group>"; };
		2A8E7E212A5BD19B00D86BF8 /* ForecastViewModel.swift */ = {isa = PBXFileReference; lastKnownFileType = sourcecode.swift; path = ForecastViewModel.swift; sourceTree = "<group>"; };
		2A8E7E242A5BD78800D86BF8 /* InProgressController.swift */ = {isa = PBXFileReference; lastKnownFileType = sourcecode.swift; path = InProgressController.swift; sourceTree = "<group>"; };
		2A961BB92A582538001C0B7D /* TemperatureView.swift */ = {isa = PBXFileReference; lastKnownFileType = sourcecode.swift; path = TemperatureView.swift; sourceTree = "<group>"; };
		2AF5928A2A552EA200DD763E /* Weather_App.app */ = {isa = PBXFileReference; explicitFileType = wrapper.application; includeInIndex = 0; path = Weather_App.app; sourceTree = BUILT_PRODUCTS_DIR; };
		2AF5928D2A552EA200DD763E /* AppDelegate.swift */ = {isa = PBXFileReference; lastKnownFileType = sourcecode.swift; path = AppDelegate.swift; sourceTree = "<group>"; };
		2AF5928F2A552EA200DD763E /* SceneDelegate.swift */ = {isa = PBXFileReference; lastKnownFileType = sourcecode.swift; path = SceneDelegate.swift; sourceTree = "<group>"; };
		2AF592962A552EA400DD763E /* Assets.xcassets */ = {isa = PBXFileReference; lastKnownFileType = folder.assetcatalog; path = Assets.xcassets; sourceTree = "<group>"; };
		2AF592992A552EA400DD763E /* Base */ = {isa = PBXFileReference; lastKnownFileType = file.storyboard; name = Base; path = Base.lproj/LaunchScreen.storyboard; sourceTree = "<group>"; };
		2AF5929B2A552EA400DD763E /* Info.plist */ = {isa = PBXFileReference; lastKnownFileType = text.plist.xml; path = Info.plist; sourceTree = "<group>"; };
		2AF592A02A552EA500DD763E /* Weather_AppTests.xctest */ = {isa = PBXFileReference; explicitFileType = wrapper.cfbundle; includeInIndex = 0; path = Weather_AppTests.xctest; sourceTree = BUILT_PRODUCTS_DIR; };
		2AF592A42A552EA500DD763E /* Weather_AppTests.swift */ = {isa = PBXFileReference; lastKnownFileType = sourcecode.swift; path = Weather_AppTests.swift; sourceTree = "<group>"; };
		2AF592AA2A552EA500DD763E /* Weather_AppUITests.xctest */ = {isa = PBXFileReference; explicitFileType = wrapper.cfbundle; includeInIndex = 0; path = Weather_AppUITests.xctest; sourceTree = BUILT_PRODUCTS_DIR; };
		2AF592AE2A552EA500DD763E /* Weather_AppUITests.swift */ = {isa = PBXFileReference; lastKnownFileType = sourcecode.swift; path = Weather_AppUITests.swift; sourceTree = "<group>"; };
		2AF592B02A552EA500DD763E /* Weather_AppUITestsLaunchTests.swift */ = {isa = PBXFileReference; lastKnownFileType = sourcecode.swift; path = Weather_AppUITestsLaunchTests.swift; sourceTree = "<group>"; };
/* End PBXFileReference section */

/* Begin PBXFrameworksBuildPhase section */
		2AF592872A552EA200DD763E /* Frameworks */ = {
			isa = PBXFrameworksBuildPhase;
			buildActionMask = 2147483647;
			files = (
				2A1B9FD82A56B303002989B2 /* Kingfisher in Frameworks */,
				2A7531DD2A5554B9003ABC27 /* SwiftKeychainWrapper in Frameworks */,
			);
			runOnlyForDeploymentPostprocessing = 0;
		};
		2AF5929D2A552EA500DD763E /* Frameworks */ = {
			isa = PBXFrameworksBuildPhase;
			buildActionMask = 2147483647;
			files = (
			);
			runOnlyForDeploymentPostprocessing = 0;
		};
		2AF592A72A552EA500DD763E /* Frameworks */ = {
			isa = PBXFrameworksBuildPhase;
			buildActionMask = 2147483647;
			files = (
			);
			runOnlyForDeploymentPostprocessing = 0;
		};
/* End PBXFrameworksBuildPhase section */

/* Begin PBXGroup section */
		2A318C412A56713D0028F6BF /* Model */ = {
			isa = PBXGroup;
			children = (
				2A318C422A56715F0028F6BF /* APIError.swift */,
				2A318C442A56719C0028F6BF /* WeatherData.swift */,
			);
			path = Model;
			sourceTree = "<group>";
		};
		2A357DD02A57C60300BF98B4 /* CityList */ = {
			isa = PBXGroup;
			children = (
				2A357DD12A57C71E00BF98B4 /* CityListViewModel.swift */,
				2A357DD32A57CA1800BF98B4 /* CityListScreen.swift */,
			);
			path = CityList;
			sourceTree = "<group>";
		};
		2A7531A02A55367B003ABC27 /* AppBase */ = {
			isa = PBXGroup;
			children = (
				2A7531A12A5536B9003ABC27 /* BaseController.swift */,
				2A7531A32A5539FF003ABC27 /* BaseScreen.swift */,
				2A7531A52A553A1E003ABC27 /* BaseViewModel.swift */,
			);
			path = AppBase;
			sourceTree = "<group>";
		};
		2A7531A72A553A57003ABC27 /* Extension */ = {
			isa = PBXGroup;
			children = (
				2A7531A82A553A78003ABC27 /* UIImage+Extension.swift */,
				2A1B9FD92A56B4AB002989B2 /* UIImageView+Extension.swift */,
				2A1B9FDB2A56B5D1002989B2 /* UIView+Extension.swift */,
				2A1B9FDD2A56B9E5002989B2 /* UITableView+Extension.swift */,
			);
			path = Extension;
			sourceTree = "<group>";
		};
		2A7531AA2A553AB5003ABC27 /* Protocol */ = {
			isa = PBXGroup;
			children = (
				2A7531AB2A553AE4003ABC27 /* Alertable.swift */,
			);
			path = Protocol;
			sourceTree = "<group>";
		};
		2A7531AD2A555446003ABC27 /* Networking */ = {
			isa = PBXGroup;
			children = (
				2A7531AE2A555446003ABC27 /* ParameterAndEncoding */,
				2A7531B12A555446003ABC27 /* NetworkingError.swift */,
				2A7531B22A555446003ABC27 /* Response */,
				2A7531B82A555446003ABC27 /* Connectivity */,
				2A7531BA2A555446003ABC27 /* KeyChainManager.swift */,
				2A7531BB2A555446003ABC27 /* Logger.swift */,
				2A7531BC2A555446003ABC27 /* Networking.swift */,
				2A7531BD2A555446003ABC27 /* Parser */,
				2A7531BF2A555446003ABC27 /* HTTPMethod.swift */,
				2A7531C02A555446003ABC27 /* TokenManager.swift */,
				2A7531C12A555446003ABC27 /* Request */,
				2A7531C52A555446003ABC27 /* NetworkingConfiguration.swift */,
				2A7531C62A555446003ABC27 /* NetworkingRouter.swift */,
			);
			path = Networking;
			sourceTree = "<group>";
		};
		2A7531AE2A555446003ABC27 /* ParameterAndEncoding */ = {
			isa = PBXGroup;
			children = (
				2A7531AF2A555446003ABC27 /* Encoding.swift */,
				2A7531B02A555446003ABC27 /* Parameters.swift */,
			);
			path = ParameterAndEncoding;
			sourceTree = "<group>";
		};
		2A7531B22A555446003ABC27 /* Response */ = {
			isa = PBXGroup;
			children = (
				2A7531B32A555446003ABC27 /* Meta.swift */,
				2A7531B42A555446003ABC27 /* Container.swift */,
				2A7531B52A555446003ABC27 /* Pagination.swift */,
				2A7531B62A555446003ABC27 /* ApiResponse.swift */,
				2A7531B72A555446003ABC27 /* ErrorMessage.swift */,
			);
			path = Response;
			sourceTree = "<group>";
		};
		2A7531B82A555446003ABC27 /* Connectivity */ = {
			isa = PBXGroup;
			children = (
				2A7531B92A555446003ABC27 /* Connectivity.swift */,
			);
			path = Connectivity;
			sourceTree = "<group>";
		};
		2A7531BD2A555446003ABC27 /* Parser */ = {
			isa = PBXGroup;
			children = (
				2A7531BE2A555446003ABC27 /* ResponseParser.swift */,
			);
			path = Parser;
			sourceTree = "<group>";
		};
		2A7531C12A555446003ABC27 /* Request */ = {
			isa = PBXGroup;
			children = (
				2A7531C22A555446003ABC27 /* NetworkingResponse.swift */,
				2A7531C32A555446003ABC27 /* RequestBuilder.swift */,
				2A7531C42A555446003ABC27 /* RequestMaker.swift */,
			);
			path = Request;
			sourceTree = "<group>";
		};
		2A7531DE2A5562C9003ABC27 /* Router */ = {
			isa = PBXGroup;
			children = (
				2A7531DF2A55630D003ABC27 /* WeatherRouter.swift */,
			);
			path = Router;
			sourceTree = "<group>";
		};
		2A7531E12A556474003ABC27 /* Manager */ = {
			isa = PBXGroup;
			children = (
				2A7531E22A55648E003ABC27 /* WeatherManager.swift */,
				2A7531E42A5566A4003ABC27 /* LocationManager.swift */,
			);
			path = Manager;
			sourceTree = "<group>";
		};
		2A7531E62A5567F6003ABC27 /* Module */ = {
			isa = PBXGroup;
			children = (
				2A8E7E232A5BD76700D86BF8 /* InProgress */,
				2A8E7E1C2A5BD10C00D86BF8 /* Forecast */,
				2A357DD02A57C60300BF98B4 /* CityList */,
				2A7531E72A556802003ABC27 /* CurrentWeather */,
			);
			path = Module;
			sourceTree = "<group>";
		};
		2A7531E72A556802003ABC27 /* CurrentWeather */ = {
			isa = PBXGroup;
			children = (
				2A7531E82A556832003ABC27 /* CurrentWeatherController.swift */,
				2A7531EA2A556A24003ABC27 /* CurrentWeatherScreen.swift */,
				2A7531EC2A556A4B003ABC27 /* CurrentWeatherViewModel.swift */,
			);
			path = CurrentWeather;
			sourceTree = "<group>";
		};
		2A8E7E1C2A5BD10C00D86BF8 /* Forecast */ = {
			isa = PBXGroup;
			children = (
				2A8E7E1F2A5BD16000D86BF8 /* ForecastScreen.swift */,
				2A8E7E212A5BD19B00D86BF8 /* ForecastViewModel.swift */,
			);
			path = Forecast;
			sourceTree = "<group>";
		};
		2A8E7E232A5BD76700D86BF8 /* InProgress */ = {
			isa = PBXGroup;
			children = (
				2A8E7E242A5BD78800D86BF8 /* InProgressController.swift */,
			);
			path = InProgress;
			sourceTree = "<group>";
		};
		2A961BB82A58251A001C0B7D /* Custom */ = {
			isa = PBXGroup;
			children = (
				2A961BB92A582538001C0B7D /* TemperatureView.swift */,
			);
			path = Custom;
			sourceTree = "<group>";
		};
		2AF592812A552EA200DD763E = {
			isa = PBXGroup;
			children = (
				2AF5928C2A552EA200DD763E /* Weather_App */,
				2AF592A32A552EA500DD763E /* Weather_AppTests */,
				2AF592AD2A552EA500DD763E /* Weather_AppUITests */,
				2AF5928B2A552EA200DD763E /* Products */,
			);
			sourceTree = "<group>";
		};
		2AF5928B2A552EA200DD763E /* Products */ = {
			isa = PBXGroup;
			children = (
				2AF5928A2A552EA200DD763E /* Weather_App.app */,
				2AF592A02A552EA500DD763E /* Weather_AppTests.xctest */,
				2AF592AA2A552EA500DD763E /* Weather_AppUITests.xctest */,
			);
			name = Products;
			sourceTree = "<group>";
		};
		2AF5928C2A552EA200DD763E /* Weather_App */ = {
			isa = PBXGroup;
			children = (
				2A961BB82A58251A001C0B7D /* Custom */,
				2A318C412A56713D0028F6BF /* Model */,
				2A7531E62A5567F6003ABC27 /* Module */,
				2A7531E12A556474003ABC27 /* Manager */,
				2A7531DE2A5562C9003ABC27 /* Router */,
				2A7531AD2A555446003ABC27 /* Networking */,
				2A7531AA2A553AB5003ABC27 /* Protocol */,
				2A7531A72A553A57003ABC27 /* Extension */,
				2A7531A02A55367B003ABC27 /* AppBase */,
				2AF592BE2A5530F100DD763E /* Resource */,
				2AF592BD2A552F1200DD763E /* Supporting */,
			);
			path = Weather_App;
			sourceTree = "<group>";
		};
		2AF592A32A552EA500DD763E /* Weather_AppTests */ = {
			isa = PBXGroup;
			children = (
				2AF592A42A552EA500DD763E /* Weather_AppTests.swift */,
			);
			path = Weather_AppTests;
			sourceTree = "<group>";
		};
		2AF592AD2A552EA500DD763E /* Weather_AppUITests */ = {
			isa = PBXGroup;
			children = (
				2AF592AE2A552EA500DD763E /* Weather_AppUITests.swift */,
				2AF592B02A552EA500DD763E /* Weather_AppUITestsLaunchTests.swift */,
			);
			path = Weather_AppUITests;
			sourceTree = "<group>";
		};
		2AF592BD2A552F1200DD763E /* Supporting */ = {
			isa = PBXGroup;
			children = (
				2AF5929B2A552EA400DD763E /* Info.plist */,
				2AF592982A552EA400DD763E /* LaunchScreen.storyboard */,
				2AF5928F2A552EA200DD763E /* SceneDelegate.swift */,
				2AF5928D2A552EA200DD763E /* AppDelegate.swift */,
			);
			path = Supporting;
			sourceTree = "<group>";
		};
		2AF592BE2A5530F100DD763E /* Resource */ = {
			isa = PBXGroup;
			children = (
				2AF592962A552EA400DD763E /* Assets.xcassets */,
				2A2D85802A57C28500C97A82 /* CityJson.json */,
			);
			path = Resource;
			sourceTree = "<group>";
		};
/* End PBXGroup section */

/* Begin PBXNativeTarget section */
		2AF592892A552EA200DD763E /* Weather_App */ = {
			isa = PBXNativeTarget;
			buildConfigurationList = 2AF592B42A552EA500DD763E /* Build configuration list for PBXNativeTarget "Weather_App" */;
			buildPhases = (
				2AF592862A552EA200DD763E /* Sources */,
				2AF592872A552EA200DD763E /* Frameworks */,
				2AF592882A552EA200DD763E /* Resources */,
			);
			buildRules = (
			);
			dependencies = (
			);
			name = Weather_App;
			packageProductDependencies = (
				2A7531DC2A5554B9003ABC27 /* SwiftKeychainWrapper */,
				2A1B9FD72A56B303002989B2 /* Kingfisher */,
			);
			productName = Weather_App;
			productReference = 2AF5928A2A552EA200DD763E /* Weather_App.app */;
			productType = "com.apple.product-type.application";
		};
		2AF5929F2A552EA500DD763E /* Weather_AppTests */ = {
			isa = PBXNativeTarget;
			buildConfigurationList = 2AF592B72A552EA500DD763E /* Build configuration list for PBXNativeTarget "Weather_AppTests" */;
			buildPhases = (
				2AF5929C2A552EA500DD763E /* Sources */,
				2AF5929D2A552EA500DD763E /* Frameworks */,
				2AF5929E2A552EA500DD763E /* Resources */,
			);
			buildRules = (
			);
			dependencies = (
				2AF592A22A552EA500DD763E /* PBXTargetDependency */,
			);
			name = Weather_AppTests;
			productName = Weather_AppTests;
			productReference = 2AF592A02A552EA500DD763E /* Weather_AppTests.xctest */;
			productType = "com.apple.product-type.bundle.unit-test";
		};
		2AF592A92A552EA500DD763E /* Weather_AppUITests */ = {
			isa = PBXNativeTarget;
			buildConfigurationList = 2AF592BA2A552EA500DD763E /* Build configuration list for PBXNativeTarget "Weather_AppUITests" */;
			buildPhases = (
				2AF592A62A552EA500DD763E /* Sources */,
				2AF592A72A552EA500DD763E /* Frameworks */,
				2AF592A82A552EA500DD763E /* Resources */,
			);
			buildRules = (
			);
			dependencies = (
				2AF592AC2A552EA500DD763E /* PBXTargetDependency */,
			);
			name = Weather_AppUITests;
			productName = Weather_AppUITests;
			productReference = 2AF592AA2A552EA500DD763E /* Weather_AppUITests.xctest */;
			productType = "com.apple.product-type.bundle.ui-testing";
		};
/* End PBXNativeTarget section */

/* Begin PBXProject section */
		2AF592822A552EA200DD763E /* Project object */ = {
			isa = PBXProject;
			attributes = {
				BuildIndependentTargetsInParallel = 1;
				LastSwiftUpdateCheck = 1430;
				LastUpgradeCheck = 1430;
				TargetAttributes = {
					2AF592892A552EA200DD763E = {
						CreatedOnToolsVersion = 14.3;
					};
					2AF5929F2A552EA500DD763E = {
						CreatedOnToolsVersion = 14.3;
						TestTargetID = 2AF592892A552EA200DD763E;
					};
					2AF592A92A552EA500DD763E = {
						CreatedOnToolsVersion = 14.3;
						TestTargetID = 2AF592892A552EA200DD763E;
					};
				};
			};
			buildConfigurationList = 2AF592852A552EA200DD763E /* Build configuration list for PBXProject "Weather_App" */;
			compatibilityVersion = "Xcode 14.0";
			developmentRegion = en;
			hasScannedForEncodings = 0;
			knownRegions = (
				en,
				Base,
			);
			mainGroup = 2AF592812A552EA200DD763E;
			packageReferences = (
				2A7531DB2A5554B9003ABC27 /* XCRemoteSwiftPackageReference "SwiftKeychainWrapper" */,
				2A1B9FD62A56B303002989B2 /* XCRemoteSwiftPackageReference "Kingfisher" */,
			);
			productRefGroup = 2AF5928B2A552EA200DD763E /* Products */;
			projectDirPath = "";
			projectRoot = "";
			targets = (
				2AF592892A552EA200DD763E /* Weather_App */,
				2AF5929F2A552EA500DD763E /* Weather_AppTests */,
				2AF592A92A552EA500DD763E /* Weather_AppUITests */,
			);
		};
/* End PBXProject section */

/* Begin PBXResourcesBuildPhase section */
		2AF592882A552EA200DD763E /* Resources */ = {
			isa = PBXResourcesBuildPhase;
			buildActionMask = 2147483647;
			files = (
				2AF5929A2A552EA400DD763E /* LaunchScreen.storyboard in Resources */,
				2AF592972A552EA400DD763E /* Assets.xcassets in Resources */,
				2A2D85812A57C28500C97A82 /* CityJson.json in Resources */,
			);
			runOnlyForDeploymentPostprocessing = 0;
		};
		2AF5929E2A552EA500DD763E /* Resources */ = {
			isa = PBXResourcesBuildPhase;
			buildActionMask = 2147483647;
			files = (
			);
			runOnlyForDeploymentPostprocessing = 0;
		};
		2AF592A82A552EA500DD763E /* Resources */ = {
			isa = PBXResourcesBuildPhase;
			buildActionMask = 2147483647;
			files = (
			);
			runOnlyForDeploymentPostprocessing = 0;
		};
/* End PBXResourcesBuildPhase section */

/* Begin PBXSourcesBuildPhase section */
		2AF592862A552EA200DD763E /* Sources */ = {
			isa = PBXSourcesBuildPhase;
			buildActionMask = 2147483647;
			files = (
				2A357DD22A57C71E00BF98B4 /* CityListViewModel.swift in Sources */,
				2A7531D22A555447003ABC27 /* Networking.swift in Sources */,
				2A7531C72A555447003ABC27 /* Encoding.swift in Sources */,
				2A7531E52A5566A4003ABC27 /* LocationManager.swift in Sources */,
				2A318C432A56715F0028F6BF /* APIError.swift in Sources */,
				2A7531D42A555447003ABC27 /* HTTPMethod.swift in Sources */,
				2A7531CB2A555447003ABC27 /* Container.swift in Sources */,
				2AF5928E2A552EA200DD763E /* AppDelegate.swift in Sources */,
				2A7531CD2A555447003ABC27 /* ApiResponse.swift in Sources */,
				2A7531AC2A553AE4003ABC27 /* Alertable.swift in Sources */,
				2A7531EB2A556A24003ABC27 /* CurrentWeatherScreen.swift in Sources */,
				2A7531A62A553A1E003ABC27 /* BaseViewModel.swift in Sources */,
				2A8E7E222A5BD19B00D86BF8 /* ForecastViewModel.swift in Sources */,
				2A7531CA2A555447003ABC27 /* Meta.swift in Sources */,
				2A7531D82A555447003ABC27 /* RequestMaker.swift in Sources */,
				2A7531D02A555447003ABC27 /* KeyChainManager.swift in Sources */,
				2A7531E02A55630D003ABC27 /* WeatherRouter.swift in Sources */,
				2A7531CE2A555447003ABC27 /* ErrorMessage.swift in Sources */,
				2A318C452A56719C0028F6BF /* WeatherData.swift in Sources */,
				2A7531E92A556832003ABC27 /* CurrentWeatherController.swift in Sources */,
				2A7531D52A555447003ABC27 /* TokenManager.swift in Sources */,
				2A8E7E252A5BD78800D86BF8 /* InProgressController.swift in Sources */,
				2A7531DA2A555447003ABC27 /* NetworkingRouter.swift in Sources */,
				2A7531C92A555447003ABC27 /* NetworkingError.swift in Sources */,
				2A1B9FDE2A56B9E5002989B2 /* UITableView+Extension.swift in Sources */,
				2A7531A22A5536B9003ABC27 /* BaseController.swift in Sources */,
				2A7531A92A553A78003ABC27 /* UIImage+Extension.swift in Sources */,
				2A7531D72A555447003ABC27 /* RequestBuilder.swift in Sources */,
				2A7531A42A5539FF003ABC27 /* BaseScreen.swift in Sources */,
				2A7531D92A555447003ABC27 /* NetworkingConfiguration.swift in Sources */,
				2A961BBA2A582538001C0B7D /* TemperatureView.swift in Sources */,
				2A357DD42A57CA1800BF98B4 /* CityListScreen.swift in Sources */,
				2A7531D12A555447003ABC27 /* Logger.swift in Sources */,
				2A7531E32A55648E003ABC27 /* WeatherManager.swift in Sources */,
				2A7531D32A555447003ABC27 /* ResponseParser.swift in Sources */,
				2A7531CF2A555447003ABC27 /* Connectivity.swift in Sources */,
				2A1B9FDC2A56B5D1002989B2 /* UIView+Extension.swift in Sources */,
				2A1B9FDA2A56B4AB002989B2 /* UIImageView+Extension.swift in Sources */,
				2AF592902A552EA200DD763E /* SceneDelegate.swift in Sources */,
				2A7531C82A555447003ABC27 /* Parameters.swift in Sources */,
				2A8E7E202A5BD16000D86BF8 /* ForecastScreen.swift in Sources */,
				2A7531D62A555447003ABC27 /* NetworkingResponse.swift in Sources */,
				2A7531CC2A555447003ABC27 /* Pagination.swift in Sources */,
				2A7531ED2A556A4B003ABC27 /* CurrentWeatherViewModel.swift in Sources */,
			);
			runOnlyForDeploymentPostprocessing = 0;
		};
		2AF5929C2A552EA500DD763E /* Sources */ = {
			isa = PBXSourcesBuildPhase;
			buildActionMask = 2147483647;
			files = (
				2AF592A52A552EA500DD763E /* Weather_AppTests.swift in Sources */,
			);
			runOnlyForDeploymentPostprocessing = 0;
		};
		2AF592A62A552EA500DD763E /* Sources */ = {
			isa = PBXSourcesBuildPhase;
			buildActionMask = 2147483647;
			files = (
				2AF592AF2A552EA500DD763E /* Weather_AppUITests.swift in Sources */,
				2AF592B12A552EA500DD763E /* Weather_AppUITestsLaunchTests.swift in Sources */,
			);
			runOnlyForDeploymentPostprocessing = 0;
		};
/* End PBXSourcesBuildPhase section */

/* Begin PBXTargetDependency section */
		2AF592A22A552EA500DD763E /* PBXTargetDependency */ = {
			isa = PBXTargetDependency;
			target = 2AF592892A552EA200DD763E /* Weather_App */;
			targetProxy = 2AF592A12A552EA500DD763E /* PBXContainerItemProxy */;
		};
		2AF592AC2A552EA500DD763E /* PBXTargetDependency */ = {
			isa = PBXTargetDependency;
			target = 2AF592892A552EA200DD763E /* Weather_App */;
			targetProxy = 2AF592AB2A552EA500DD763E /* PBXContainerItemProxy */;
		};
/* End PBXTargetDependency section */

/* Begin PBXVariantGroup section */
		2AF592982A552EA400DD763E /* LaunchScreen.storyboard */ = {
			isa = PBXVariantGroup;
			children = (
				2AF592992A552EA400DD763E /* Base */,
			);
			name = LaunchScreen.storyboard;
			sourceTree = "<group>";
		};
/* End PBXVariantGroup section */

/* Begin XCBuildConfiguration section */
		2AF592B22A552EA500DD763E /* Debug */ = {
			isa = XCBuildConfiguration;
			buildSettings = {
				ALWAYS_SEARCH_USER_PATHS = NO;
				CLANG_ANALYZER_NONNULL = YES;
				CLANG_ANALYZER_NUMBER_OBJECT_CONVERSION = YES_AGGRESSIVE;
				CLANG_CXX_LANGUAGE_STANDARD = "gnu++20";
				CLANG_ENABLE_MODULES = YES;
				CLANG_ENABLE_OBJC_ARC = YES;
				CLANG_ENABLE_OBJC_WEAK = YES;
				CLANG_WARN_BLOCK_CAPTURE_AUTORELEASING = YES;
				CLANG_WARN_BOOL_CONVERSION = YES;
				CLANG_WARN_COMMA = YES;
				CLANG_WARN_CONSTANT_CONVERSION = YES;
				CLANG_WARN_DEPRECATED_OBJC_IMPLEMENTATIONS = YES;
				CLANG_WARN_DIRECT_OBJC_ISA_USAGE = YES_ERROR;
				CLANG_WARN_DOCUMENTATION_COMMENTS = YES;
				CLANG_WARN_EMPTY_BODY = YES;
				CLANG_WARN_ENUM_CONVERSION = YES;
				CLANG_WARN_INFINITE_RECURSION = YES;
				CLANG_WARN_INT_CONVERSION = YES;
				CLANG_WARN_NON_LITERAL_NULL_CONVERSION = YES;
				CLANG_WARN_OBJC_IMPLICIT_RETAIN_SELF = YES;
				CLANG_WARN_OBJC_LITERAL_CONVERSION = YES;
				CLANG_WARN_OBJC_ROOT_CLASS = YES_ERROR;
				CLANG_WARN_QUOTED_INCLUDE_IN_FRAMEWORK_HEADER = YES;
				CLANG_WARN_RANGE_LOOP_ANALYSIS = YES;
				CLANG_WARN_STRICT_PROTOTYPES = YES;
				CLANG_WARN_SUSPICIOUS_MOVE = YES;
				CLANG_WARN_UNGUARDED_AVAILABILITY = YES_AGGRESSIVE;
				CLANG_WARN_UNREACHABLE_CODE = YES;
				CLANG_WARN__DUPLICATE_METHOD_MATCH = YES;
				COPY_PHASE_STRIP = NO;
				DEBUG_INFORMATION_FORMAT = dwarf;
				ENABLE_STRICT_OBJC_MSGSEND = YES;
				ENABLE_TESTABILITY = YES;
				GCC_C_LANGUAGE_STANDARD = gnu11;
				GCC_DYNAMIC_NO_PIC = NO;
				GCC_NO_COMMON_BLOCKS = YES;
				GCC_OPTIMIZATION_LEVEL = 0;
				GCC_PREPROCESSOR_DEFINITIONS = (
					"DEBUG=1",
					"$(inherited)",
				);
				GCC_WARN_64_TO_32_BIT_CONVERSION = YES;
				GCC_WARN_ABOUT_RETURN_TYPE = YES_ERROR;
				GCC_WARN_UNDECLARED_SELECTOR = YES;
				GCC_WARN_UNINITIALIZED_AUTOS = YES_AGGRESSIVE;
				GCC_WARN_UNUSED_FUNCTION = YES;
				GCC_WARN_UNUSED_VARIABLE = YES;
				IPHONEOS_DEPLOYMENT_TARGET = 16.4;
				MTL_ENABLE_DEBUG_INFO = INCLUDE_SOURCE;
				MTL_FAST_MATH = YES;
				ONLY_ACTIVE_ARCH = YES;
				SDKROOT = iphoneos;
				SWIFT_ACTIVE_COMPILATION_CONDITIONS = DEBUG;
				SWIFT_OPTIMIZATION_LEVEL = "-Onone";
			};
			name = Debug;
		};
		2AF592B32A552EA500DD763E /* Release */ = {
			isa = XCBuildConfiguration;
			buildSettings = {
				ALWAYS_SEARCH_USER_PATHS = NO;
				CLANG_ANALYZER_NONNULL = YES;
				CLANG_ANALYZER_NUMBER_OBJECT_CONVERSION = YES_AGGRESSIVE;
				CLANG_CXX_LANGUAGE_STANDARD = "gnu++20";
				CLANG_ENABLE_MODULES = YES;
				CLANG_ENABLE_OBJC_ARC = YES;
				CLANG_ENABLE_OBJC_WEAK = YES;
				CLANG_WARN_BLOCK_CAPTURE_AUTORELEASING = YES;
				CLANG_WARN_BOOL_CONVERSION = YES;
				CLANG_WARN_COMMA = YES;
				CLANG_WARN_CONSTANT_CONVERSION = YES;
				CLANG_WARN_DEPRECATED_OBJC_IMPLEMENTATIONS = YES;
				CLANG_WARN_DIRECT_OBJC_ISA_USAGE = YES_ERROR;
				CLANG_WARN_DOCUMENTATION_COMMENTS = YES;
				CLANG_WARN_EMPTY_BODY = YES;
				CLANG_WARN_ENUM_CONVERSION = YES;
				CLANG_WARN_INFINITE_RECURSION = YES;
				CLANG_WARN_INT_CONVERSION = YES;
				CLANG_WARN_NON_LITERAL_NULL_CONVERSION = YES;
				CLANG_WARN_OBJC_IMPLICIT_RETAIN_SELF = YES;
				CLANG_WARN_OBJC_LITERAL_CONVERSION = YES;
				CLANG_WARN_OBJC_ROOT_CLASS = YES_ERROR;
				CLANG_WARN_QUOTED_INCLUDE_IN_FRAMEWORK_HEADER = YES;
				CLANG_WARN_RANGE_LOOP_ANALYSIS = YES;
				CLANG_WARN_STRICT_PROTOTYPES = YES;
				CLANG_WARN_SUSPICIOUS_MOVE = YES;
				CLANG_WARN_UNGUARDED_AVAILABILITY = YES_AGGRESSIVE;
				CLANG_WARN_UNREACHABLE_CODE = YES;
				CLANG_WARN__DUPLICATE_METHOD_MATCH = YES;
				COPY_PHASE_STRIP = NO;
				DEBUG_INFORMATION_FORMAT = "dwarf-with-dsym";
				ENABLE_NS_ASSERTIONS = NO;
				ENABLE_STRICT_OBJC_MSGSEND = YES;
				GCC_C_LANGUAGE_STANDARD = gnu11;
				GCC_NO_COMMON_BLOCKS = YES;
				GCC_WARN_64_TO_32_BIT_CONVERSION = YES;
				GCC_WARN_ABOUT_RETURN_TYPE = YES_ERROR;
				GCC_WARN_UNDECLARED_SELECTOR = YES;
				GCC_WARN_UNINITIALIZED_AUTOS = YES_AGGRESSIVE;
				GCC_WARN_UNUSED_FUNCTION = YES;
				GCC_WARN_UNUSED_VARIABLE = YES;
				IPHONEOS_DEPLOYMENT_TARGET = 16.4;
				MTL_ENABLE_DEBUG_INFO = NO;
				MTL_FAST_MATH = YES;
				SDKROOT = iphoneos;
				SWIFT_COMPILATION_MODE = wholemodule;
				SWIFT_OPTIMIZATION_LEVEL = "-O";
				VALIDATE_PRODUCT = YES;
			};
			name = Release;
		};
		2AF592B52A552EA500DD763E /* Debug */ = {
			isa = XCBuildConfiguration;
			buildSettings = {
				API_KEY = cac8c381dc9771b023d7c7e1b50ca3ef;
				ASSETCATALOG_COMPILER_APPICON_NAME = AppIcon;
				ASSETCATALOG_COMPILER_GLOBAL_ACCENT_COLOR_NAME = AccentColor;
				BASE_URL = "https://api.openweathermap.org/data/";
				CODE_SIGN_STYLE = Automatic;
				CURRENT_PROJECT_VERSION = 1;
				DEVELOPMENT_TEAM = 68AW935KPY;
				GENERATE_INFOPLIST_FILE = YES;
				INFOPLIST_FILE = Weather_App/Supporting/Info.plist;
				INFOPLIST_KEY_UIApplicationSupportsIndirectInputEvents = YES;
				INFOPLIST_KEY_UILaunchStoryboardName = LaunchScreen.storyboard;
				INFOPLIST_KEY_UIMainStoryboardFile = "";
				INFOPLIST_KEY_UISupportedInterfaceOrientations_iPad = "UIInterfaceOrientationPortrait UIInterfaceOrientationPortraitUpsideDown UIInterfaceOrientationLandscapeLeft UIInterfaceOrientationLandscapeRight";
				INFOPLIST_KEY_UISupportedInterfaceOrientations_iPhone = "UIInterfaceOrientationPortrait UIInterfaceOrientationLandscapeLeft UIInterfaceOrientationLandscapeRight";
				LD_RUNPATH_SEARCH_PATHS = (
					"$(inherited)",
					"@executable_path/Frameworks",
				);
				MARKETING_VERSION = 1.0;
				PRODUCT_BUNDLE_IDENTIFIER = "com.manjil.Weather-App";
				PRODUCT_NAME = "$(TARGET_NAME)";
				SUPPORTED_PLATFORMS = "iphoneos iphonesimulator";
				SUPPORTS_MACCATALYST = NO;
				SUPPORTS_MAC_DESIGNED_FOR_IPHONE_IPAD = NO;
				SWIFT_EMIT_LOC_STRINGS = YES;
				SWIFT_VERSION = 5.0;
				TARGETED_DEVICE_FAMILY = 1;
			};
			name = Debug;
		};
		2AF592B62A552EA500DD763E /* Release */ = {
			isa = XCBuildConfiguration;
			buildSettings = {
				API_KEY = cac8c381dc9771b023d7c7e1b50ca3ef;
				ASSETCATALOG_COMPILER_APPICON_NAME = AppIcon;
				ASSETCATALOG_COMPILER_GLOBAL_ACCENT_COLOR_NAME = AccentColor;
				BASE_URL = "https://api.openweathermap.org/data/";
				CODE_SIGN_STYLE = Automatic;
				CURRENT_PROJECT_VERSION = 1;
				DEVELOPMENT_TEAM = 68AW935KPY;
				GENERATE_INFOPLIST_FILE = YES;
				INFOPLIST_FILE = Weather_App/Supporting/Info.plist;
				INFOPLIST_KEY_UIApplicationSupportsIndirectInputEvents = YES;
				INFOPLIST_KEY_UILaunchStoryboardName = LaunchScreen.storyboard;
				INFOPLIST_KEY_UIMainStoryboardFile = "";
				INFOPLIST_KEY_UISupportedInterfaceOrientations_iPad = "UIInterfaceOrientationPortrait UIInterfaceOrientationPortraitUpsideDown UIInterfaceOrientationLandscapeLeft UIInterfaceOrientationLandscapeRight";
				INFOPLIST_KEY_UISupportedInterfaceOrientations_iPhone = "UIInterfaceOrientationPortrait UIInterfaceOrientationLandscapeLeft UIInterfaceOrientationLandscapeRight";
				LD_RUNPATH_SEARCH_PATHS = (
					"$(inherited)",
					"@executable_path/Frameworks",
				);
				MARKETING_VERSION = 1.0;
				PRODUCT_BUNDLE_IDENTIFIER = "com.manjil.Weather-App";
				PRODUCT_NAME = "$(TARGET_NAME)";
				SUPPORTED_PLATFORMS = "iphoneos iphonesimulator";
				SUPPORTS_MACCATALYST = NO;
				SUPPORTS_MAC_DESIGNED_FOR_IPHONE_IPAD = NO;
				SWIFT_EMIT_LOC_STRINGS = YES;
				SWIFT_VERSION = 5.0;
				TARGETED_DEVICE_FAMILY = 1;
			};
			name = Release;
		};
		2AF592B82A552EA500DD763E /* Debug */ = {
			isa = XCBuildConfiguration;
			buildSettings = {
				ALWAYS_EMBED_SWIFT_STANDARD_LIBRARIES = YES;
				BUNDLE_LOADER = "$(TEST_HOST)";
				CODE_SIGN_STYLE = Automatic;
				CURRENT_PROJECT_VERSION = 1;
				DEVELOPMENT_TEAM = 68AW935KPY;
				GENERATE_INFOPLIST_FILE = YES;
				IPHONEOS_DEPLOYMENT_TARGET = 16.4;
				MARKETING_VERSION = 1.0;
				PRODUCT_BUNDLE_IDENTIFIER = "com.manjil.Weather-AppTests";
				PRODUCT_NAME = "$(TARGET_NAME)";
				SWIFT_EMIT_LOC_STRINGS = NO;
				SWIFT_VERSION = 5.0;
				TARGETED_DEVICE_FAMILY = "1,2";
				TEST_HOST = "$(BUILT_PRODUCTS_DIR)/Weather_App.app/$(BUNDLE_EXECUTABLE_FOLDER_PATH)/Weather_App";
			};
			name = Debug;
		};
		2AF592B92A552EA500DD763E /* Release */ = {
			isa = XCBuildConfiguration;
			buildSettings = {
				ALWAYS_EMBED_SWIFT_STANDARD_LIBRARIES = YES;
				BUNDLE_LOADER = "$(TEST_HOST)";
				CODE_SIGN_STYLE = Automatic;
				CURRENT_PROJECT_VERSION = 1;
				DEVELOPMENT_TEAM = 68AW935KPY;
				GENERATE_INFOPLIST_FILE = YES;
				IPHONEOS_DEPLOYMENT_TARGET = 16.4;
				MARKETING_VERSION = 1.0;
				PRODUCT_BUNDLE_IDENTIFIER = "com.manjil.Weather-AppTests";
				PRODUCT_NAME = "$(TARGET_NAME)";
				SWIFT_EMIT_LOC_STRINGS = NO;
				SWIFT_VERSION = 5.0;
				TARGETED_DEVICE_FAMILY = "1,2";
				TEST_HOST = "$(BUILT_PRODUCTS_DIR)/Weather_App.app/$(BUNDLE_EXECUTABLE_FOLDER_PATH)/Weather_App";
			};
			name = Release;
		};
		2AF592BB2A552EA500DD763E /* Debug */ = {
			isa = XCBuildConfiguration;
			buildSettings = {
				ALWAYS_EMBED_SWIFT_STANDARD_LIBRARIES = YES;
				CODE_SIGN_STYLE = Automatic;
				CURRENT_PROJECT_VERSION = 1;
				DEVELOPMENT_TEAM = 68AW935KPY;
				GENERATE_INFOPLIST_FILE = YES;
				MARKETING_VERSION = 1.0;
				PRODUCT_BUNDLE_IDENTIFIER = "com.manjil.Weather-AppUITests";
				PRODUCT_NAME = "$(TARGET_NAME)";
				SWIFT_EMIT_LOC_STRINGS = NO;
				SWIFT_VERSION = 5.0;
				TARGETED_DEVICE_FAMILY = "1,2";
				TEST_TARGET_NAME = Weather_App;
			};
			name = Debug;
		};
		2AF592BC2A552EA500DD763E /* Release */ = {
			isa = XCBuildConfiguration;
			buildSettings = {
				ALWAYS_EMBED_SWIFT_STANDARD_LIBRARIES = YES;
				CODE_SIGN_STYLE = Automatic;
				CURRENT_PROJECT_VERSION = 1;
				DEVELOPMENT_TEAM = 68AW935KPY;
				GENERATE_INFOPLIST_FILE = YES;
				MARKETING_VERSION = 1.0;
				PRODUCT_BUNDLE_IDENTIFIER = "com.manjil.Weather-AppUITests";
				PRODUCT_NAME = "$(TARGET_NAME)";
				SWIFT_EMIT_LOC_STRINGS = NO;
				SWIFT_VERSION = 5.0;
				TARGETED_DEVICE_FAMILY = "1,2";
				TEST_TARGET_NAME = Weather_App;
			};
			name = Release;
		};
/* End XCBuildConfiguration section */

/* Begin XCConfigurationList section */
		2AF592852A552EA200DD763E /* Build configuration list for PBXProject "Weather_App" */ = {
			isa = XCConfigurationList;
			buildConfigurations = (
				2AF592B22A552EA500DD763E /* Debug */,
				2AF592B32A552EA500DD763E /* Release */,
			);
			defaultConfigurationIsVisible = 0;
			defaultConfigurationName = Release;
		};
		2AF592B42A552EA500DD763E /* Build configuration list for PBXNativeTarget "Weather_App" */ = {
			isa = XCConfigurationList;
			buildConfigurations = (
				2AF592B52A552EA500DD763E /* Debug */,
				2AF592B62A552EA500DD763E /* Release */,
			);
			defaultConfigurationIsVisible = 0;
			defaultConfigurationName = Release;
		};
		2AF592B72A552EA500DD763E /* Build configuration list for PBXNativeTarget "Weather_AppTests" */ = {
			isa = XCConfigurationList;
			buildConfigurations = (
				2AF592B82A552EA500DD763E /* Debug */,
				2AF592B92A552EA500DD763E /* Release */,
			);
			defaultConfigurationIsVisible = 0;
			defaultConfigurationName = Release;
		};
		2AF592BA2A552EA500DD763E /* Build configuration list for PBXNativeTarget "Weather_AppUITests" */ = {
			isa = XCConfigurationList;
			buildConfigurations = (
				2AF592BB2A552EA500DD763E /* Debug */,
				2AF592BC2A552EA500DD763E /* Release */,
			);
			defaultConfigurationIsVisible = 0;
			defaultConfigurationName = Release;
		};
/* End XCConfigurationList section */

/* Begin XCRemoteSwiftPackageReference section */
		2A1B9FD62A56B303002989B2 /* XCRemoteSwiftPackageReference "Kingfisher" */ = {
			isa = XCRemoteSwiftPackageReference;
			repositoryURL = "https://github.com/onevcat/Kingfisher";
			requirement = {
				kind = upToNextMajorVersion;
				minimumVersion = 7.0.0;
			};
		};
		2A7531DB2A5554B9003ABC27 /* XCRemoteSwiftPackageReference "SwiftKeychainWrapper" */ = {
			isa = XCRemoteSwiftPackageReference;
			repositoryURL = "https://github.com/jrendel/SwiftKeychainWrapper.git";
			requirement = {
				kind = upToNextMajorVersion;
				minimumVersion = 4.0.0;
			};
		};
/* End XCRemoteSwiftPackageReference section */

/* Begin XCSwiftPackageProductDependency section */
		2A1B9FD72A56B303002989B2 /* Kingfisher */ = {
			isa = XCSwiftPackageProductDependency;
			package = 2A1B9FD62A56B303002989B2 /* XCRemoteSwiftPackageReference "Kingfisher" */;
			productName = Kingfisher;
		};
		2A7531DC2A5554B9003ABC27 /* SwiftKeychainWrapper */ = {
			isa = XCSwiftPackageProductDependency;
			package = 2A7531DB2A5554B9003ABC27 /* XCRemoteSwiftPackageReference "SwiftKeychainWrapper" */;
			productName = SwiftKeychainWrapper;
		};
/* End XCSwiftPackageProductDependency section */
	};
	rootObject = 2AF592822A552EA200DD763E /* Project object */;
}
